
Microsoft Visual Studio Solution File, Format Version 12.00
# Visual Studio Version 17
VisualStudioVersion = 17.10.35027.167
MinimumVisualStudioVersion = 10.0.40219.1
Project("{FAE04EC0-301F-11D3-BF4B-00C04F79EFBC}") = "MauiAppGuiaCurso", "MauiAppGuiaCurso\MauiAppGuiaCurso.csproj", "{E9431D33-1117-4D62-9F58-6E3CBF328ECF}"
EndProject
Global
	GlobalSection(SolutionConfigurationPlatforms) = preSolution
		Debug|Any CPU = Debug|Any CPU
		Release|Any CPU = Release|Any CPU
	EndGlobalSection
	GlobalSection(ProjectConfigurationPlatforms) = postSolution
		{E9431D33-1117-4D62-9F58-6E3CBF328ECF}.Debug|Any CPU.ActiveCfg = Debug|Any CPU
		{E9431D33-1117-4D62-9F58-6E3CBF328ECF}.Debug|Any CPU.Build.0 = Debug|Any CPU
		{E9431D33-1117-4D62-9F58-6E3CBF328ECF}.Debug|Any CPU.Deploy.0 = Debug|Any CPU
		{E9431D33-1117-4D62-9F58-6E3CBF328ECF}.Release|Any CPU.ActiveCfg = Release|Any CPU
		{E9431D33-1117-4D62-9F58-6E3CBF328ECF}.Release|Any CPU.Build.0 = Release|Any CPU
		{E9431D33-1117-4D62-9F58-6E3CBF328ECF}.Release|Any CPU.Deploy.0 = Release|Any CPU
	EndGlobalSection
	GlobalSection(SolutionProperties) = preSolution
		HideSolutionNode = FALSE
	EndGlobalSection
	GlobalSection(ExtensibilityGlobals) = postSolution
		SolutionGuid = {B4290628-59C2-4311-A32C-217D35BA8850}
	EndGlobalSection
EndGlobal
